
Microsoft Visual Studio Solution File, Format Version 12.00
# Visual Studio Version 17
VisualStudioVersion = 17.14.36408.4 d17.14
MinimumVisualStudioVersion = 10.0.40219.1
Project("{FAE04EC0-301F-11D3-BF4B-00C04F79EFBC}") = "QuanLyThuVien", "QuanLyThuVien.csproj", "{31D27FCF-6EA4-4056-B588-499AA3A26811}"
EndProject
Global
	GlobalSection(SolutionConfigurationPlatforms) = preSolution
		Debug|Any CPU = Debug|Any CPU
		Release|Any CPU = Release|Any CPU
	EndGlobalSection
	GlobalSection(ProjectConfigurationPlatforms) = postSolution
		{31D27FCF-6EA4-4056-B588-499AA3A26811}.Debug|Any CPU.ActiveCfg = Debug|Any CPU
		{31D27FCF-6EA4-4056-B588-499AA3A26811}.Debug|Any CPU.Build.0 = Debug|Any CPU
		{31D27FCF-6EA4-4056-B588-499AA3A26811}.Release|Any CPU.ActiveCfg = Release|Any CPU
		{31D27FCF-6EA4-4056-B588-499AA3A26811}.Release|Any CPU.Build.0 = Release|Any CPU
	EndGlobalSection
	GlobalSection(SolutionProperties) = preSolution
		HideSolutionNode = FALSE
	EndGlobalSection
	GlobalSection(ExtensibilityGlobals) = postSolution
		SolutionGuid = {13011826-CEEA-45AF-98CC-A82FB656D229}
	EndGlobalSection
EndGlobal
